
Microsoft Visual Studio Solution File, Format Version 12.00
# Visual Studio Version 16
VisualStudioVersion = 16.0.30907.101
MinimumVisualStudioVersion = 10.0.40219.1
Project("{9A19103F-16F7-4668-BE54-9A1E7A4F7556}") = "SpreadsheetEvaluator.Ui", "SpreadsheetEvaluator.Console\SpreadsheetEvaluator.Ui.csproj", "{EDD0A545-C2C5-4FED-988C-C0592134B8E3}"
EndProject
Project("{9A19103F-16F7-4668-BE54-9A1E7A4F7556}") = "SpreadsheetEvaluator.Application", "SpreadsheetEvaluator.Application\SpreadsheetEvaluator.Application.csproj", "{A2671E3F-A7D0-4BB1-A806-661D304C2E62}"
EndProject
Project("{FAE04EC0-301F-11D3-BF4B-00C04F79EFBC}") = "SpreadsheetEvaluator.Infrastructure", "SpreadsheetEvaluator.Infrastructure\SpreadsheetEvaluator.Infrastructure.csproj", "{C8A5488E-3BBF-45AF-A6D5-A0148A626DCD}"
EndProject
Global
	GlobalSection(SolutionConfigurationPlatforms) = preSolution
		Debug|Any CPU = Debug|Any CPU
		Release|Any CPU = Release|Any CPU
	EndGlobalSection
	GlobalSection(ProjectConfigurationPlatforms) = postSolution
		{EDD0A545-C2C5-4FED-988C-C0592134B8E3}.Debug|Any CPU.ActiveCfg = Debug|Any CPU
		{EDD0A545-C2C5-4FED-988C-C0592134B8E3}.Debug|Any CPU.Build.0 = Debug|Any CPU
		{EDD0A545-C2C5-4FED-988C-C0592134B8E3}.Release|Any CPU.ActiveCfg = Release|Any CPU
		{EDD0A545-C2C5-4FED-988C-C0592134B8E3}.Release|Any CPU.Build.0 = Release|Any CPU
		{A2671E3F-A7D0-4BB1-A806-661D304C2E62}.Debug|Any CPU.ActiveCfg = Debug|Any CPU
		{A2671E3F-A7D0-4BB1-A806-661D304C2E62}.Debug|Any CPU.Build.0 = Debug|Any CPU
		{A2671E3F-A7D0-4BB1-A806-661D304C2E62}.Release|Any CPU.ActiveCfg = Release|Any CPU
		{A2671E3F-A7D0-4BB1-A806-661D304C2E62}.Release|Any CPU.Build.0 = Release|Any CPU
		{C8A5488E-3BBF-45AF-A6D5-A0148A626DCD}.Debug|Any CPU.ActiveCfg = Debug|Any CPU
		{C8A5488E-3BBF-45AF-A6D5-A0148A626DCD}.Debug|Any CPU.Build.0 = Debug|Any CPU
		{C8A5488E-3BBF-45AF-A6D5-A0148A626DCD}.Release|Any CPU.ActiveCfg = Release|Any CPU
		{C8A5488E-3BBF-45AF-A6D5-A0148A626DCD}.Release|Any CPU.Build.0 = Release|Any CPU
	EndGlobalSection
	GlobalSection(SolutionProperties) = preSolution
		HideSolutionNode = FALSE
	EndGlobalSection
	GlobalSection(ExtensibilityGlobals) = postSolution
		SolutionGuid = {F5F0558F-E880-4BDD-BE31-53329D6CAC35}
	EndGlobalSection
EndGlobal
